# @generated - this file is auto-generated by `mise lock` https://mise.en.dev/dev-tools/mise-lock.html

[[tools."cargo:cargo-benchcmp"]]
version = "0.4.5"
backend = "cargo:cargo-benchcmp"

[[tools."cargo:cargo-fuzz"]]
version = "0.13.2"
backend = "cargo:cargo-fuzz"

[[tools."cargo:cargo-insta"]]
version = "1.42.2"
backend = "cargo:cargo-insta"

[[tools."cargo:cargo-lldb-test"]]
version = "0.1.0"
backend = "cargo:cargo-lldb-test"

[[tools."cargo:cargo-nextest"]]
version = "0.9.93"
backend = "cargo:cargo-nextest"

[[tools."cargo:diskus"]]
version = "0.9.0"
backend = "cargo:diskus"

[[tools."cargo:flamegraph"]]
version = "0.6.8"
backend = "cargo:flamegraph"

[[tools."cargo:inferno"]]
version = "0.12.2"
backend = "cargo:inferno"

[[tools."cargo:samply"]]
version = "0.13.1"
backend = "cargo:samply"

[[tools."cargo:toml2json"]]
version = "1.3.1"
backend = "cargo:toml2json"

[[tools."cargo:trunk"]]
version = "0.21.14"
backend = "cargo:trunk"

[[tools.clojure]]
version = "1.12.4.1635"
backend = "https://github.com/asdf-community/asdf-clojure.git"

[[tools."github:apple/container"]]
version = "1.0.0"
backend = "github:apple/container"

[tools."github:apple/container"."platforms.linux-arm64"]
checksum = "sha256:e7f1549a530a6c87d8c130c2a53454cfc4440fe75c9d96bc4ac1fe17ff7bd0fa"
url = "https://github.com/apple/container/releases/download/1.0.0/container-dSYM.zip"
url_api = "https://api.github.com/repos/apple/container/releases/assets/442278076"

[tools."github:apple/container"."platforms.linux-arm64-musl"]
checksum = "sha256:e7f1549a530a6c87d8c130c2a53454cfc4440fe75c9d96bc4ac1fe17ff7bd0fa"
url = "https://github.com/apple/container/releases/download/1.0.0/container-dSYM.zip"
url_api = "https://api.github.com/repos/apple/container/releases/assets/442278076"

[tools."github:apple/container"."platforms.linux-x64"]
checksum = "sha256:e7f1549a530a6c87d8c130c2a53454cfc4440fe75c9d96bc4ac1fe17ff7bd0fa"
url = "https://github.com/apple/container/releases/download/1.0.0/container-dSYM.zip"
url_api = "https://api.github.com/repos/apple/container/releases/assets/442278076"

[tools."github:apple/container"."platforms.linux-x64-musl"]
checksum = "sha256:e7f1549a530a6c87d8c130c2a53454cfc4440fe75c9d96bc4ac1fe17ff7bd0fa"
url = "https://github.com/apple/container/releases/download/1.0.0/container-dSYM.zip"
url_api = "https://api.github.com/repos/apple/container/releases/assets/442278076"

[tools."github:apple/container"."platforms.macos-arm64"]
checksum = "sha256:e7f1549a530a6c87d8c130c2a53454cfc4440fe75c9d96bc4ac1fe17ff7bd0fa"
url = "https://github.com/apple/container/releases/download/1.0.0/container-dSYM.zip"
url_api = "https://api.github.com/repos/apple/container/releases/assets/442278076"

[tools."github:apple/container"."platforms.macos-x64"]
checksum = "sha256:e7f1549a530a6c87d8c130c2a53454cfc4440fe75c9d96bc4ac1fe17ff7bd0fa"
url = "https://github.com/apple/container/releases/download/1.0.0/container-dSYM.zip"
url_api = "https://api.github.com/repos/apple/container/releases/assets/442278076"

[tools."github:apple/container"."platforms.windows-x64"]
checksum = "sha256:e7f1549a530a6c87d8c130c2a53454cfc4440fe75c9d96bc4ac1fe17ff7bd0fa"
url = "https://github.com/apple/container/releases/download/1.0.0/container-dSYM.zip"
url_api = "https://api.github.com/repos/apple/container/releases/assets/442278076"

[[tools."github:cli/cli"]]
version = "2.96.0"
backend = "github:cli/cli"

[tools."github:cli/cli"."platforms.linux-arm64"]
checksum = "sha256:06f86ec7103d41993b76cd78072f43595c34aaa56506d971d9860e67140bf909"
url = "https://github.com/cli/cli/releases/download/v2.96.0/gh_2.96.0_linux_arm64.tar.gz"
url_api = "https://api.github.com/repos/cli/cli/releases/assets/464728549"
provenance = "github-attestations"

[tools."github:cli/cli"."platforms.linux-arm64-musl"]
checksum = "sha256:06f86ec7103d41993b76cd78072f43595c34aaa56506d971d9860e67140bf909"
url = "https://github.com/cli/cli/releases/download/v2.96.0/gh_2.96.0_linux_arm64.tar.gz"
url_api = "https://api.github.com/repos/cli/cli/releases/assets/464728549"
provenance = "github-attestations"

[tools."github:cli/cli"."platforms.linux-x64"]
checksum = "sha256:83d5c2ccad5498f58bf6368acb1ab32588cf43ab3a4b1c301bf36328b1c8bd60"
url = "https://github.com/cli/cli/releases/download/v2.96.0/gh_2.96.0_linux_amd64.tar.gz"
url_api = "https://api.github.com/repos/cli/cli/releases/assets/464728543"
provenance = "github-attestations"

[tools."github:cli/cli"."platforms.linux-x64-musl"]
checksum = "sha256:83d5c2ccad5498f58bf6368acb1ab32588cf43ab3a4b1c301bf36328b1c8bd60"
url = "https://github.com/cli/cli/releases/download/v2.96.0/gh_2.96.0_linux_amd64.tar.gz"
url_api = "https://api.github.com/repos/cli/cli/releases/assets/464728543"
provenance = "github-attestations"

[tools."github:cli/cli"."platforms.macos-arm64"]
checksum = "sha256:f23a0c37d963aacc3bed703ccbd59b41c5ca22101fab7f00eb2b7cad23aba463"
url = "https://github.com/cli/cli/releases/download/v2.96.0/gh_2.96.0_macOS_arm64.zip"
url_api = "https://api.github.com/repos/cli/cli/releases/assets/464728562"
provenance = "github-attestations"

[tools."github:cli/cli"."platforms.macos-x64"]
checksum = "sha256:4bd449df9ad639391bc62b8032546f0fe9edcd8526e06682a4f88abd8c5d163c"
url = "https://github.com/cli/cli/releases/download/v2.96.0/gh_2.96.0_macOS_amd64.zip"
url_api = "https://api.github.com/repos/cli/cli/releases/assets/464728560"
provenance = "github-attestations"

[tools."github:cli/cli"."platforms.windows-x64"]
checksum = "sha256:c2d6acc935cd2f00e2144d7e036d5cd82e6b6bd5594e8c75aa75ef2a4ed6aac3"
url = "https://github.com/cli/cli/releases/download/v2.96.0/gh_2.96.0_windows_amd64.zip"
url_api = "https://api.github.com/repos/cli/cli/releases/assets/464728577"
provenance = "github-attestations"

[[tools."github:sharkdp/fd"]]
version = "10.4.2"
backend = "github:sharkdp/fd"

[tools."github:sharkdp/fd"."platforms.linux-arm64"]
checksum = "sha256:6c51f7c5446b3338b1e401ff15dc194c590bb2fa64fd43ff3278300f073adec5"
url = "https://github.com/sharkdp/fd/releases/download/v10.4.2/fd-v10.4.2-aarch64-unknown-linux-gnu.tar.gz"
url_api = "https://api.github.com/repos/sharkdp/fd/releases/assets/370663239"

[tools."github:sharkdp/fd"."platforms.linux-arm64-musl"]
checksum = "sha256:f32d3657473fba74e2600babc8db0b93420d51169223b7e8143b2ed55d8fd9e8"
url = "https://github.com/sharkdp/fd/releases/download/v10.4.2/fd-v10.4.2-aarch64-unknown-linux-musl.tar.gz"
url_api = "https://api.github.com/repos/sharkdp/fd/releases/assets/370662859"

[tools."github:sharkdp/fd"."platforms.linux-x64"]
checksum = "sha256:def59805cd14b5651b68990855f426ad087f3b96881296d963910431ba3143c8"
url = "https://github.com/sharkdp/fd/releases/download/v10.4.2/fd-v10.4.2-x86_64-unknown-linux-gnu.tar.gz"
url_api = "https://api.github.com/repos/sharkdp/fd/releases/assets/370662118"

[tools."github:sharkdp/fd"."platforms.linux-x64-musl"]
checksum = "sha256:e3257d48e29a6be965187dbd24ce9af564e0fe67b3e73c9bdcd180f4ec11bdde"
url = "https://github.com/sharkdp/fd/releases/download/v10.4.2/fd-v10.4.2-x86_64-unknown-linux-musl.tar.gz"
url_api = "https://api.github.com/repos/sharkdp/fd/releases/assets/370662855"

[tools."github:sharkdp/fd"."platforms.macos-arm64"]
checksum = "sha256:623dc0afc81b92e4d4606b380d7bc91916ba7b97814263e554d50923a39e480a"
url = "https://github.com/sharkdp/fd/releases/download/v10.4.2/fd-v10.4.2-aarch64-apple-darwin.tar.gz"
url_api = "https://api.github.com/repos/sharkdp/fd/releases/assets/370661116"

[tools."github:sharkdp/fd"."platforms.macos-x64"]
checksum = "sha256:0e44eb5fca93f09bc6f5430b90acdf44c8e069d0a903700aeb4820629337b67b"
url = "https://github.com/sharkdp/fd/releases/download/v10.4.2/fd_10.4.2_amd64.deb"
url_api = "https://api.github.com/repos/sharkdp/fd/releases/assets/370662117"

[tools."github:sharkdp/fd"."platforms.windows-x64"]
checksum = "sha256:b2816e506390a89941c63c9187d58a3cc10e9a55f2ef0685f9ea0eccaf7c98c8"
url = "https://github.com/sharkdp/fd/releases/download/v10.4.2/fd-v10.4.2-x86_64-pc-windows-msvc.zip"
url_api = "https://api.github.com/repos/sharkdp/fd/releases/assets/370661516"

[[tools.go]]
version = "1.26.5"
backend = "core:go"

[tools.go."platforms.linux-arm64"]
checksum = "sha256:fe4789e92b1f33358680864bbe8704289e7bb5fc207d80623c308935bd696d49"
url = "https://dl.google.com/go/go1.26.5.linux-arm64.tar.gz"

[tools.go."platforms.linux-arm64-musl"]
checksum = "sha256:fe4789e92b1f33358680864bbe8704289e7bb5fc207d80623c308935bd696d49"
url = "https://dl.google.com/go/go1.26.5.linux-arm64.tar.gz"

[tools.go."platforms.linux-x64"]
checksum = "sha256:5c2c3b16caefa1d968a94c1daca04a7ca301a496d9b086e17ad77bb81393f053"
url = "https://dl.google.com/go/go1.26.5.linux-amd64.tar.gz"

[tools.go."platforms.linux-x64-musl"]
checksum = "sha256:5c2c3b16caefa1d968a94c1daca04a7ca301a496d9b086e17ad77bb81393f053"
url = "https://dl.google.com/go/go1.26.5.linux-amd64.tar.gz"

[tools.go."platforms.macos-arm64"]
checksum = "sha256:efb87ff28af9a188d0536ef5d42e63dd52ba8263cd7344a993cc48dd11dedb6a"
url = "https://dl.google.com/go/go1.26.5.darwin-arm64.tar.gz"

[tools.go."platforms.macos-x64"]
checksum = "sha256:6231d8d3b8f5552ec6cbf6d685bdd5482e1e703214b120e89b3bf0d7bf1ef725"
url = "https://dl.google.com/go/go1.26.5.darwin-amd64.tar.gz"

[tools.go."platforms.windows-x64"]
checksum = "sha256:97e6b2a833b6d89f9ff17d25419ac0a7e3b482a044e9ab18cdef834bd834fd38"
url = "https://dl.google.com/go/go1.26.5.windows-amd64.zip"

[[tools."go:golang.org/x/tools/gopls"]]
version = "0.23.0"
backend = "go:golang.org/x/tools/gopls"

[[tools."go:oss.terrastruct.com/d2"]]
version = "0.7.1"
backend = "go:oss.terrastruct.com/d2"

[[tools."go:rsc.io/2fa"]]
version = "1.2.0"
backend = "go:rsc.io/2fa"

[[tools.golangci-lint]]
version = "v2.11.3"
backend = "aqua:golangci/golangci-lint"

[tools.golangci-lint."platforms.linux-arm64"]
checksum = "sha256:ee3d95f301359e7d578e6d99c8ad5aeadbabc5a13009a30b2b0df11c8058afe9"
url = "https://github.com/golangci/golangci-lint/releases/download/v2.11.3/golangci-lint-2.11.3-linux-arm64.tar.gz"
provenance = "github-attestations"

[tools.golangci-lint."platforms.linux-arm64-musl"]
checksum = "sha256:ee3d95f301359e7d578e6d99c8ad5aeadbabc5a13009a30b2b0df11c8058afe9"
url = "https://github.com/golangci/golangci-lint/releases/download/v2.11.3/golangci-lint-2.11.3-linux-arm64.tar.gz"
provenance = "github-attestations"

[tools.golangci-lint."platforms.linux-x64"]
checksum = "sha256:87bb8cddbcc825d5778b64e8a91b46c0526b247f4e2f2904dea74ec7450475d1"
url = "https://github.com/golangci/golangci-lint/releases/download/v2.11.3/golangci-lint-2.11.3-linux-amd64.tar.gz"
provenance = "github-attestations"

[tools.golangci-lint."platforms.linux-x64-musl"]
checksum = "sha256:87bb8cddbcc825d5778b64e8a91b46c0526b247f4e2f2904dea74ec7450475d1"
url = "https://github.com/golangci/golangci-lint/releases/download/v2.11.3/golangci-lint-2.11.3-linux-amd64.tar.gz"
provenance = "github-attestations"

[tools.golangci-lint."platforms.macos-arm64"]
checksum = "sha256:30ee39979c516b9d1adca289a3f93429d130c4c0fda5e57d637850894221f6cc"
url = "https://github.com/golangci/golangci-lint/releases/download/v2.11.3/golangci-lint-2.11.3-darwin-arm64.tar.gz"

[tools.golangci-lint."platforms.macos-x64"]
checksum = "sha256:f93bda1f2cc981fd1326464020494be62f387bbf262706e1b3b644e5afacc440"
url = "https://github.com/golangci/golangci-lint/releases/download/v2.11.3/golangci-lint-2.11.3-darwin-amd64.tar.gz"
provenance = "github-attestations"

[tools.golangci-lint."platforms.windows-x64"]
checksum = "sha256:cd42e890176bc5cfeb36225a77e66b9410ddd3a59a03551e23f6b210d29e1f67"
url = "https://github.com/golangci/golangci-lint/releases/download/v2.11.3/golangci-lint-2.11.3-windows-amd64.zip"
provenance = "github-attestations"

[[tools.meson]]
version = "1.11.2"
backend = "pipx:meson"

[[tools.node]]
version = "24.18.0"
backend = "core:node"

[tools.node."platforms.linux-arm64"]
checksum = "sha256:6b4484c2190274175df9aa8f28e2d758a819cb1c1fe6ab481e2f95b463ab8508"
url = "https://nodejs.org/dist/v24.18.0/node-v24.18.0-linux-arm64.tar.gz"

[tools.node."platforms.linux-arm64-musl"]
checksum = "sha256:b1c6c2dc31b46dd8fb2322f4fe75b07e775c5120bc37251deeea28f529d4567b"
url = "https://unofficial-builds.nodejs.org/download/release/v24.18.0/node-v24.18.0-linux-arm64-musl.tar.gz"

[tools.node."platforms.linux-x64"]
checksum = "sha256:783130984963db7ba9cbd01089eaf2c2efb055c7c1693c943174b967b3050cb8"
url = "https://nodejs.org/dist/v24.18.0/node-v24.18.0-linux-x64.tar.gz"

[tools.node."platforms.linux-x64-musl"]
checksum = "sha256:ea58409911e141ec6b19d9178efa2d9185a13295005b1cbf5521b3157eed1d95"
url = "https://unofficial-builds.nodejs.org/download/release/v24.18.0/node-v24.18.0-linux-x64-musl.tar.gz"

[tools.node."platforms.macos-arm64"]
checksum = "sha256:e1a97e14c99c803e96c7339403282ea05a499c32f8d83defe9ef5ec66f979ed1"
url = "https://nodejs.org/dist/v24.18.0/node-v24.18.0-darwin-arm64.tar.gz"

[tools.node."platforms.macos-x64"]
checksum = "sha256:dfd0dbd3e721503434df7b7205e719f61b3a3a31b2bcf9729b8b91fea240f080"
url = "https://nodejs.org/dist/v24.18.0/node-v24.18.0-darwin-x64.tar.gz"

[tools.node."platforms.windows-x64"]
checksum = "sha256:0ae68406b42d7725661da979b1403ec9926da205c6770827f33aac9d8f26e821"
url = "https://nodejs.org/dist/v24.18.0/node-v24.18.0-win-x64.zip"

[[tools."npm:pnpm"]]
version = "11.13.0"
backend = "npm:pnpm"

[[tools."npm:typescript"]]
version = "7.0.2"
backend = "npm:typescript"

[[tools."npm:typescript-language-server"]]
version = "5.3.0"
backend = "npm:typescript-language-server"

[[tools."pipx:djlint"]]
version = "1.40.6"
backend = "pipx:djlint"

[[tools."pipx:git+https://github.com/astral-sh/ecosystem-analyzer.git@main"]]
version = "latest"
backend = "pipx:git+https://github.com/astral-sh/ecosystem-analyzer.git@main"

[[tools."pipx:huec"]]
version = "0.1.7"
backend = "pipx:huec"

[[tools."pipx:towelie"]]
version = "0.1.11"
backend = "pipx:towelie"

[[tools."pipx:yt-dlp"]]
version = "2026.7.4"
backend = "pipx:yt-dlp"

[[tools.prek]]
version = "0.4.9"
backend = "aqua:j178/prek"

[tools.prek."platforms.linux-arm64"]
checksum = "sha256:adcd6d3b2c6d2314525c214ead1a3584de3ea3dfd608262d60711c3dde4d5e82"
url = "https://github.com/j178/prek/releases/download/v0.4.9/prek-aarch64-unknown-linux-musl.tar.gz"
provenance = "github-attestations"

[tools.prek."platforms.linux-arm64-musl"]
checksum = "sha256:adcd6d3b2c6d2314525c214ead1a3584de3ea3dfd608262d60711c3dde4d5e82"
url = "https://github.com/j178/prek/releases/download/v0.4.9/prek-aarch64-unknown-linux-musl.tar.gz"
provenance = "github-attestations"

[tools.prek."platforms.linux-x64"]
checksum = "sha256:22545eee5091ce233192bc97c6edb7f045081ec615e4649633d5ffad97937658"
url = "https://github.com/j178/prek/releases/download/v0.4.9/prek-x86_64-unknown-linux-musl.tar.gz"
provenance = "github-attestations"

[tools.prek."platforms.linux-x64-musl"]
checksum = "sha256:22545eee5091ce233192bc97c6edb7f045081ec615e4649633d5ffad97937658"
url = "https://github.com/j178/prek/releases/download/v0.4.9/prek-x86_64-unknown-linux-musl.tar.gz"
provenance = "github-attestations"

[tools.prek."platforms.macos-arm64"]
checksum = "sha256:d6d705468c95ac01a9768da952645385a8e3cb93ec9a105f9f0f7bd177ae3867"
url = "https://github.com/j178/prek/releases/download/v0.4.9/prek-aarch64-apple-darwin.tar.gz"
provenance = "github-attestations"

[tools.prek."platforms.macos-x64"]
checksum = "sha256:86ce383f8d40ae874e432fe6db04c2253cf2bed2cd74e67c8e3bc4b16e158471"
url = "https://github.com/j178/prek/releases/download/v0.4.9/prek-x86_64-apple-darwin.tar.gz"
provenance = "github-attestations"

[tools.prek."platforms.windows-x64"]
checksum = "sha256:e49a7c8fedb4f16038556e19c8bf7a68ffae46445ef693b28c1fa461f03df2c7"
url = "https://github.com/j178/prek/releases/download/v0.4.9/prek-x86_64-pc-windows-msvc.zip"
provenance = "github-attestations"

[[tools.ruff]]
version = "0.15.21"
backend = "aqua:astral-sh/ruff"

[tools.ruff."platforms.linux-arm64"]
checksum = "sha256:2ec7c0077431f96f74c3c72aea6505e902bc2ff47127653c8de1389ee30a3cb3"
url = "https://github.com/astral-sh/ruff/releases/download/0.15.21/ruff-aarch64-unknown-linux-musl.tar.gz"
provenance = "github-attestations"

[tools.ruff."platforms.linux-arm64-musl"]
checksum = "sha256:2ec7c0077431f96f74c3c72aea6505e902bc2ff47127653c8de1389ee30a3cb3"
url = "https://github.com/astral-sh/ruff/releases/download/0.15.21/ruff-aarch64-unknown-linux-musl.tar.gz"
provenance = "github-attestations"

[tools.ruff."platforms.linux-x64"]
checksum = "sha256:7e157ff9a2e13676118c587e6db0ec02d040e415b21014346d230e64789c0e78"
url = "https://github.com/astral-sh/ruff/releases/download/0.15.21/ruff-x86_64-unknown-linux-musl.tar.gz"
provenance = "github-attestations"

[tools.ruff."platforms.linux-x64-musl"]
checksum = "sha256:7e157ff9a2e13676118c587e6db0ec02d040e415b21014346d230e64789c0e78"
url = "https://github.com/astral-sh/ruff/releases/download/0.15.21/ruff-x86_64-unknown-linux-musl.tar.gz"
provenance = "github-attestations"

[tools.ruff."platforms.macos-arm64"]
checksum = "sha256:0452f9d5da6e8051d332cf21ae82a608d8e2cfeec5a71a46ffa9e50adbb2381d"
url = "https://github.com/astral-sh/ruff/releases/download/0.15.21/ruff-aarch64-apple-darwin.tar.gz"
provenance = "github-attestations"

[tools.ruff."platforms.macos-x64"]
checksum = "sha256:7e6ff3bd585b5b7c47634c957ac84fb5806d3c7ab4ef0e5ec1c53ce272f489da"
url = "https://github.com/astral-sh/ruff/releases/download/0.15.21/ruff-x86_64-apple-darwin.tar.gz"
provenance = "github-attestations"

[tools.ruff."platforms.windows-x64"]
checksum = "sha256:035c59abfd7bd1102e0b656f5771e6ae7a712a45ef54b5ab575541c7ff7d1eb0"
url = "https://github.com/astral-sh/ruff/releases/download/0.15.21/ruff-x86_64-pc-windows-msvc.zip"
provenance = "github-attestations"

[[tools.rust]]
version = "1.91.0"
backend = "core:rust"

[tools.rust.options]
components = "llvm-tools,rust-analyzer,rust-src,rustfmt"

[[tools.ty]]
version = "0.0.59"
backend = "aqua:astral-sh/ty"

[tools.ty."platforms.linux-arm64"]
checksum = "sha256:8d92f98a3a1f8a799419b78ca645f64ede26b4ada3406b9d18cc6c3d56e58fd2"
url = "https://github.com/astral-sh/ty/releases/download/0.0.59/ty-aarch64-unknown-linux-musl.tar.gz"
provenance = "github-attestations"

[tools.ty."platforms.linux-arm64-musl"]
checksum = "sha256:8d92f98a3a1f8a799419b78ca645f64ede26b4ada3406b9d18cc6c3d56e58fd2"
url = "https://github.com/astral-sh/ty/releases/download/0.0.59/ty-aarch64-unknown-linux-musl.tar.gz"
provenance = "github-attestations"

[tools.ty."platforms.linux-x64"]
checksum = "sha256:6038c362f4ad340741a5b1ebb5ffa9d227983b145c2c7f8baf98fe1cab3acfc5"
url = "https://github.com/astral-sh/ty/releases/download/0.0.59/ty-x86_64-unknown-linux-musl.tar.gz"
provenance = "github-attestations"

[tools.ty."platforms.linux-x64-musl"]
checksum = "sha256:6038c362f4ad340741a5b1ebb5ffa9d227983b145c2c7f8baf98fe1cab3acfc5"
url = "https://github.com/astral-sh/ty/releases/download/0.0.59/ty-x86_64-unknown-linux-musl.tar.gz"
provenance = "github-attestations"

[tools.ty."platforms.macos-arm64"]
checksum = "sha256:920497d7bf09f1bebbeccbe3ddec0dc00485e7c0bbd9fd4839dced77aafbcc71"
url = "https://github.com/astral-sh/ty/releases/download/0.0.59/ty-aarch64-apple-darwin.tar.gz"
provenance = "github-attestations"

[tools.ty."platforms.macos-x64"]
checksum = "sha256:3010df34b67ee1f061baf6e339bfa08ca8bd6b141020ab67606ef7835b3d5d46"
url = "https://github.com/astral-sh/ty/releases/download/0.0.59/ty-x86_64-apple-darwin.tar.gz"
provenance = "github-attestations"

[tools.ty."platforms.windows-x64"]
checksum = "sha256:0e5ef0fd783ef5921259edd404dd4f000a75732660bf5247f70e6a3713efa55f"
url = "https://github.com/astral-sh/ty/releases/download/0.0.59/ty-x86_64-pc-windows-msvc.zip"
provenance = "github-attestations"

[[tools.uv]]
version = "0.11.28"
backend = "aqua:astral-sh/uv"

[tools.uv."platforms.linux-arm64"]
checksum = "sha256:da10cdfa7d92212b7acb62021a0fd61bcf8580c58c3632ec915d10c3a1a7906b"
url = "https://github.com/astral-sh/uv/releases/download/0.11.28/uv-aarch64-unknown-linux-musl.tar.gz"
provenance = "github-attestations"

[tools.uv."platforms.linux-arm64-musl"]
checksum = "sha256:da10cdfa7d92212b7acb62021a0fd61bcf8580c58c3632ec915d10c3a1a7906b"
url = "https://github.com/astral-sh/uv/releases/download/0.11.28/uv-aarch64-unknown-linux-musl.tar.gz"
provenance = "github-attestations"

[tools.uv."platforms.linux-x64"]
checksum = "sha256:f02146b371c35c287d860f003ece7345c86e358a3fd70a9b63700cd141ee7fb4"
url = "https://github.com/astral-sh/uv/releases/download/0.11.28/uv-x86_64-unknown-linux-musl.tar.gz"
provenance = "github-attestations"

[tools.uv."platforms.linux-x64-musl"]
checksum = "sha256:f02146b371c35c287d860f003ece7345c86e358a3fd70a9b63700cd141ee7fb4"
url = "https://github.com/astral-sh/uv/releases/download/0.11.28/uv-x86_64-unknown-linux-musl.tar.gz"
provenance = "github-attestations"

[tools.uv."platforms.macos-arm64"]
checksum = "sha256:33540eb7c883ab857eff79bd5ac2aa31fe27b595abecb4a9c003a2c998447232"
url = "https://github.com/astral-sh/uv/releases/download/0.11.28/uv-aarch64-apple-darwin.tar.gz"
provenance = "github-attestations"

[tools.uv."platforms.macos-x64"]
checksum = "sha256:2ad79983127ffca7d77b77ce6a24278d7e4f7b817a1acf72fea5f8124b4aac5e"
url = "https://github.com/astral-sh/uv/releases/download/0.11.28/uv-x86_64-apple-darwin.tar.gz"
provenance = "github-attestations"

[tools.uv."platforms.windows-x64"]
checksum = "sha256:0a23463216d09c6a72ff80ef5dc5a795f07dc1575cb84d24596c2f124a441b7b"
url = "https://github.com/astral-sh/uv/releases/download/0.11.28/uv-x86_64-pc-windows-msvc.zip"
provenance = "github-attestations"
