# @generated - this file is auto-generated by `mise lock` https://mise.en.dev/dev-tools/mise-lock.html

[[tools."cargo:cargo-benchcmp"]]
version = "0.4.5"
backend = "cargo:cargo-benchcmp"

[[tools."cargo:cargo-fuzz"]]
version = "0.13.2"
backend = "cargo:cargo-fuzz"

[[tools."cargo:cargo-insta"]]
version = "1.42.2"
backend = "cargo:cargo-insta"

[[tools."cargo:cargo-lldb-test"]]
version = "0.1.0"
backend = "cargo:cargo-lldb-test"

[[tools."cargo:cargo-nextest"]]
version = "0.9.93"
backend = "cargo:cargo-nextest"

[[tools."cargo:diskus"]]
version = "0.9.0"
backend = "cargo:diskus"

[[tools."cargo:flamegraph"]]
version = "0.6.8"
backend = "cargo:flamegraph"

[[tools."cargo:inferno"]]
version = "0.12.2"
backend = "cargo:inferno"

[[tools."cargo:samply"]]
version = "0.13.1"
backend = "cargo:samply"

[[tools."cargo:toml2json"]]
version = "1.3.1"
backend = "cargo:toml2json"

[[tools."cargo:trunk"]]
version = "0.21.14"
backend = "cargo:trunk"

[[tools.clojure]]
version = "1.12.4.1635"
backend = "https://github.com/asdf-community/asdf-clojure.git"

[[tools."github:apple/container"]]
version = "1.0.0"
backend = "github:apple/container"

[tools."github:apple/container"."platforms.linux-arm64"]
checksum = "sha256:e7f1549a530a6c87d8c130c2a53454cfc4440fe75c9d96bc4ac1fe17ff7bd0fa"
url = "https://github.com/apple/container/releases/download/1.0.0/container-dSYM.zip"
url_api = "https://api.github.com/repos/apple/container/releases/assets/442278076"

[tools."github:apple/container"."platforms.linux-arm64-musl"]
checksum = "sha256:e7f1549a530a6c87d8c130c2a53454cfc4440fe75c9d96bc4ac1fe17ff7bd0fa"
url = "https://github.com/apple/container/releases/download/1.0.0/container-dSYM.zip"
url_api = "https://api.github.com/repos/apple/container/releases/assets/442278076"

[tools."github:apple/container"."platforms.linux-x64"]
checksum = "sha256:e7f1549a530a6c87d8c130c2a53454cfc4440fe75c9d96bc4ac1fe17ff7bd0fa"
url = "https://github.com/apple/container/releases/download/1.0.0/container-dSYM.zip"
url_api = "https://api.github.com/repos/apple/container/releases/assets/442278076"

[tools."github:apple/container"."platforms.linux-x64-musl"]
checksum = "sha256:e7f1549a530a6c87d8c130c2a53454cfc4440fe75c9d96bc4ac1fe17ff7bd0fa"
url = "https://github.com/apple/container/releases/download/1.0.0/container-dSYM.zip"
url_api = "https://api.github.com/repos/apple/container/releases/assets/442278076"

[tools."github:apple/container"."platforms.macos-arm64"]
checksum = "sha256:e7f1549a530a6c87d8c130c2a53454cfc4440fe75c9d96bc4ac1fe17ff7bd0fa"
url = "https://github.com/apple/container/releases/download/1.0.0/container-dSYM.zip"
url_api = "https://api.github.com/repos/apple/container/releases/assets/442278076"

[tools."github:apple/container"."platforms.macos-x64"]
checksum = "sha256:e7f1549a530a6c87d8c130c2a53454cfc4440fe75c9d96bc4ac1fe17ff7bd0fa"
url = "https://github.com/apple/container/releases/download/1.0.0/container-dSYM.zip"
url_api = "https://api.github.com/repos/apple/container/releases/assets/442278076"

[tools."github:apple/container"."platforms.windows-x64"]
checksum = "sha256:e7f1549a530a6c87d8c130c2a53454cfc4440fe75c9d96bc4ac1fe17ff7bd0fa"
url = "https://github.com/apple/container/releases/download/1.0.0/container-dSYM.zip"
url_api = "https://api.github.com/repos/apple/container/releases/assets/442278076"

[[tools."github:cli/cli"]]
version = "2.94.0"
backend = "github:cli/cli"

[tools."github:cli/cli"."platforms.linux-arm64"]
checksum = "sha256:705a23b70b0f1b7ba4c302fdcef392ce3edaacfa7ce8e85e4d93d72ea800a538"
url = "https://github.com/cli/cli/releases/download/v2.94.0/gh_2.94.0_linux_arm64.tar.gz"
url_api = "https://api.github.com/repos/cli/cli/releases/assets/444075691"
provenance = "github-attestations"

[tools."github:cli/cli"."platforms.linux-arm64-musl"]
checksum = "sha256:705a23b70b0f1b7ba4c302fdcef392ce3edaacfa7ce8e85e4d93d72ea800a538"
url = "https://github.com/cli/cli/releases/download/v2.94.0/gh_2.94.0_linux_arm64.tar.gz"
url_api = "https://api.github.com/repos/cli/cli/releases/assets/444075691"
provenance = "github-attestations"

[tools."github:cli/cli"."platforms.linux-x64"]
checksum = "sha256:a757f1ba6db18f4de8cbadb244843a5f89bc75b5e7c6fc127d2bd77fbd12ed62"
url = "https://github.com/cli/cli/releases/download/v2.94.0/gh_2.94.0_linux_amd64.tar.gz"
url_api = "https://api.github.com/repos/cli/cli/releases/assets/444075681"
provenance = "github-attestations"

[tools."github:cli/cli"."platforms.linux-x64-musl"]
checksum = "sha256:a757f1ba6db18f4de8cbadb244843a5f89bc75b5e7c6fc127d2bd77fbd12ed62"
url = "https://github.com/cli/cli/releases/download/v2.94.0/gh_2.94.0_linux_amd64.tar.gz"
url_api = "https://api.github.com/repos/cli/cli/releases/assets/444075681"
provenance = "github-attestations"

[tools."github:cli/cli"."platforms.macos-arm64"]
checksum = "sha256:4f9bc1a5e77500737290a307b40b4c396a4d23729f55340f2a83f414410165a1"
url = "https://github.com/cli/cli/releases/download/v2.94.0/gh_2.94.0_macOS_arm64.zip"
url_api = "https://api.github.com/repos/cli/cli/releases/assets/444075720"
provenance = "github-attestations"

[tools."github:cli/cli"."platforms.macos-x64"]
checksum = "sha256:733ee8fa49247d27cd94a6c7384455bdecaa82172a3bcfad63ac1ecc2867251d"
url = "https://github.com/cli/cli/releases/download/v2.94.0/gh_2.94.0_macOS_amd64.zip"
url_api = "https://api.github.com/repos/cli/cli/releases/assets/444075718"
provenance = "github-attestations"

[tools."github:cli/cli"."platforms.windows-x64"]
checksum = "sha256:c0766af54195dfa0bcd9a0cb63a45c313fbaffdebb9f736f666e9ba4be8c91e8"
url = "https://github.com/cli/cli/releases/download/v2.94.0/gh_2.94.0_windows_amd64.zip"
url_api = "https://api.github.com/repos/cli/cli/releases/assets/444075741"
provenance = "github-attestations"

[[tools."github:sharkdp/fd"]]
version = "10.4.2"
backend = "github:sharkdp/fd"

[tools."github:sharkdp/fd"."platforms.linux-arm64"]
checksum = "sha256:6c51f7c5446b3338b1e401ff15dc194c590bb2fa64fd43ff3278300f073adec5"
url = "https://github.com/sharkdp/fd/releases/download/v10.4.2/fd-v10.4.2-aarch64-unknown-linux-gnu.tar.gz"
url_api = "https://api.github.com/repos/sharkdp/fd/releases/assets/370663239"

[tools."github:sharkdp/fd"."platforms.linux-arm64-musl"]
checksum = "sha256:f32d3657473fba74e2600babc8db0b93420d51169223b7e8143b2ed55d8fd9e8"
url = "https://github.com/sharkdp/fd/releases/download/v10.4.2/fd-v10.4.2-aarch64-unknown-linux-musl.tar.gz"
url_api = "https://api.github.com/repos/sharkdp/fd/releases/assets/370662859"

[tools."github:sharkdp/fd"."platforms.linux-x64"]
checksum = "sha256:def59805cd14b5651b68990855f426ad087f3b96881296d963910431ba3143c8"
url = "https://github.com/sharkdp/fd/releases/download/v10.4.2/fd-v10.4.2-x86_64-unknown-linux-gnu.tar.gz"
url_api = "https://api.github.com/repos/sharkdp/fd/releases/assets/370662118"

[tools."github:sharkdp/fd"."platforms.linux-x64-musl"]
checksum = "sha256:e3257d48e29a6be965187dbd24ce9af564e0fe67b3e73c9bdcd180f4ec11bdde"
url = "https://github.com/sharkdp/fd/releases/download/v10.4.2/fd-v10.4.2-x86_64-unknown-linux-musl.tar.gz"
url_api = "https://api.github.com/repos/sharkdp/fd/releases/assets/370662855"

[tools."github:sharkdp/fd"."platforms.macos-arm64"]
checksum = "sha256:623dc0afc81b92e4d4606b380d7bc91916ba7b97814263e554d50923a39e480a"
url = "https://github.com/sharkdp/fd/releases/download/v10.4.2/fd-v10.4.2-aarch64-apple-darwin.tar.gz"
url_api = "https://api.github.com/repos/sharkdp/fd/releases/assets/370661116"

[tools."github:sharkdp/fd"."platforms.macos-x64"]
checksum = "sha256:0e44eb5fca93f09bc6f5430b90acdf44c8e069d0a903700aeb4820629337b67b"
url = "https://github.com/sharkdp/fd/releases/download/v10.4.2/fd_10.4.2_amd64.deb"
url_api = "https://api.github.com/repos/sharkdp/fd/releases/assets/370662117"

[tools."github:sharkdp/fd"."platforms.windows-x64"]
checksum = "sha256:b2816e506390a89941c63c9187d58a3cc10e9a55f2ef0685f9ea0eccaf7c98c8"
url = "https://github.com/sharkdp/fd/releases/download/v10.4.2/fd-v10.4.2-x86_64-pc-windows-msvc.zip"
url_api = "https://api.github.com/repos/sharkdp/fd/releases/assets/370661516"

[[tools.go]]
version = "1.26.4"
backend = "core:go"

[tools.go."platforms.linux-arm64"]
checksum = "sha256:ef758ae7c6cf9267c9c0ef080b8965f453d89ab2d25d9eb22de4405925238768"
url = "https://dl.google.com/go/go1.26.4.linux-arm64.tar.gz"

[tools.go."platforms.linux-arm64-musl"]
checksum = "sha256:ef758ae7c6cf9267c9c0ef080b8965f453d89ab2d25d9eb22de4405925238768"
url = "https://dl.google.com/go/go1.26.4.linux-arm64.tar.gz"

[tools.go."platforms.linux-x64"]
checksum = "sha256:1153d3d50e0ac764b447adfe05c2bcf08e889d42a02e0fe0259bd47f6733ad7f"
url = "https://dl.google.com/go/go1.26.4.linux-amd64.tar.gz"

[tools.go."platforms.linux-x64-musl"]
checksum = "sha256:1153d3d50e0ac764b447adfe05c2bcf08e889d42a02e0fe0259bd47f6733ad7f"
url = "https://dl.google.com/go/go1.26.4.linux-amd64.tar.gz"

[tools.go."platforms.macos-arm64"]
checksum = "sha256:b62ad2b6d7d2464f12a5bcad7ff47f19d08325773b5efd21610e445a05a9bf53"
url = "https://dl.google.com/go/go1.26.4.darwin-arm64.tar.gz"

[tools.go."platforms.macos-x64"]
checksum = "sha256:05dc9b5f9997744520aaebb3d5deaa7c755371aebbfb7f97c2511a9f3367538d"
url = "https://dl.google.com/go/go1.26.4.darwin-amd64.tar.gz"

[tools.go."platforms.windows-x64"]
checksum = "sha256:3ca8fb4630b07c419cbdd51f754e31363cfcfb83b3a5354d9e895c90be2cc345"
url = "https://dl.google.com/go/go1.26.4.windows-amd64.zip"

[[tools."go:golang.org/x/tools/gopls"]]
version = "0.22.0"
backend = "go:golang.org/x/tools/gopls"

[[tools."go:oss.terrastruct.com/d2"]]
version = "0.7.1"
backend = "go:oss.terrastruct.com/d2"

[[tools."go:rsc.io/2fa"]]
version = "1.2.0"
backend = "go:rsc.io/2fa"

[[tools.golangci-lint]]
version = "v2.11.3"
backend = "aqua:golangci/golangci-lint"

[tools.golangci-lint."platforms.linux-arm64"]
checksum = "sha256:ee3d95f301359e7d578e6d99c8ad5aeadbabc5a13009a30b2b0df11c8058afe9"
url = "https://github.com/golangci/golangci-lint/releases/download/v2.11.3/golangci-lint-2.11.3-linux-arm64.tar.gz"
provenance = "github-attestations"

[tools.golangci-lint."platforms.linux-arm64-musl"]
checksum = "sha256:ee3d95f301359e7d578e6d99c8ad5aeadbabc5a13009a30b2b0df11c8058afe9"
url = "https://github.com/golangci/golangci-lint/releases/download/v2.11.3/golangci-lint-2.11.3-linux-arm64.tar.gz"
provenance = "github-attestations"

[tools.golangci-lint."platforms.linux-x64"]
checksum = "sha256:87bb8cddbcc825d5778b64e8a91b46c0526b247f4e2f2904dea74ec7450475d1"
url = "https://github.com/golangci/golangci-lint/releases/download/v2.11.3/golangci-lint-2.11.3-linux-amd64.tar.gz"
provenance = "github-attestations"

[tools.golangci-lint."platforms.linux-x64-musl"]
checksum = "sha256:87bb8cddbcc825d5778b64e8a91b46c0526b247f4e2f2904dea74ec7450475d1"
url = "https://github.com/golangci/golangci-lint/releases/download/v2.11.3/golangci-lint-2.11.3-linux-amd64.tar.gz"
provenance = "github-attestations"

[tools.golangci-lint."platforms.macos-arm64"]
checksum = "sha256:30ee39979c516b9d1adca289a3f93429d130c4c0fda5e57d637850894221f6cc"
url = "https://github.com/golangci/golangci-lint/releases/download/v2.11.3/golangci-lint-2.11.3-darwin-arm64.tar.gz"

[tools.golangci-lint."platforms.macos-x64"]
checksum = "sha256:f93bda1f2cc981fd1326464020494be62f387bbf262706e1b3b644e5afacc440"
url = "https://github.com/golangci/golangci-lint/releases/download/v2.11.3/golangci-lint-2.11.3-darwin-amd64.tar.gz"
provenance = "github-attestations"

[tools.golangci-lint."platforms.windows-x64"]
checksum = "sha256:cd42e890176bc5cfeb36225a77e66b9410ddd3a59a03551e23f6b210d29e1f67"
url = "https://github.com/golangci/golangci-lint/releases/download/v2.11.3/golangci-lint-2.11.3-windows-amd64.zip"
provenance = "github-attestations"

[[tools.meson]]
version = "1.11.1"
backend = "pipx:meson"

[[tools.node]]
version = "24.16.0"
backend = "core:node"

[tools.node."platforms.linux-arm64"]
checksum = "sha256:589f5b6dd4fcfee4dfda73013903c966abaa8abd93dbc9d436544e472b4f0e74"
url = "https://nodejs.org/dist/v24.16.0/node-v24.16.0-linux-arm64.tar.gz"

[tools.node."platforms.linux-arm64-musl"]
checksum = "sha256:589f5b6dd4fcfee4dfda73013903c966abaa8abd93dbc9d436544e472b4f0e74"
url = "https://nodejs.org/dist/v24.16.0/node-v24.16.0-linux-arm64.tar.gz"

[tools.node."platforms.linux-x64"]
checksum = "sha256:2faf6a387e9b62b888e21c54f01249fb27537ffecf1842f29f4c919d0a59a0ff"
url = "https://nodejs.org/dist/v24.16.0/node-v24.16.0-linux-x64.tar.gz"

[tools.node."platforms.linux-x64-musl"]
checksum = "sha256:2faf6a387e9b62b888e21c54f01249fb27537ffecf1842f29f4c919d0a59a0ff"
url = "https://nodejs.org/dist/v24.16.0/node-v24.16.0-linux-x64.tar.gz"

[tools.node."platforms.macos-arm64"]
checksum = "sha256:39189dab4eeb15706c424af0ac08a3044c9e48f7db12a7d77f6b7aafc7dd5df6"
url = "https://nodejs.org/dist/v24.16.0/node-v24.16.0-darwin-arm64.tar.gz"

[tools.node."platforms.macos-x64"]
checksum = "sha256:298b4c7b3cb80765c8703e42b90324a4ece3b6634947b89e769c3c980ab55185"
url = "https://nodejs.org/dist/v24.16.0/node-v24.16.0-darwin-x64.tar.gz"

[tools.node."platforms.windows-x64"]
checksum = "sha256:edaca9bd58ec8e92037dac4e877d52f6b8f430b81c18b57e264b4e2fb111cd56"
url = "https://nodejs.org/dist/v24.16.0/node-v24.16.0-win-x64.zip"

[[tools."npm:pnpm"]]
version = "11.6.0"
backend = "npm:pnpm"

[[tools."npm:typescript"]]
version = "6.0.3"
backend = "npm:typescript"

[[tools."npm:typescript-language-server"]]
version = "5.3.0"
backend = "npm:typescript-language-server"

[[tools."pipx:djlint"]]
version = "1.39.2"
backend = "pipx:djlint"

[[tools."pipx:git+https://github.com/astral-sh/ecosystem-analyzer.git@main"]]
version = "latest"
backend = "pipx:git+https://github.com/astral-sh/ecosystem-analyzer.git@main"

[[tools."pipx:huec"]]
version = "0.1.7"
backend = "pipx:huec"

[[tools."pipx:towelie"]]
version = "0.1.11"
backend = "pipx:towelie"

[[tools."pipx:yt-dlp"]]
version = "2026.6.9"
backend = "pipx:yt-dlp"

[[tools.prek]]
version = "0.3.2"
backend = "aqua:j178/prek"

[tools.prek."platforms.linux-arm64"]
checksum = "sha256:fce387f0c31e87ceebb1ae84ad5fe3502931b248c89cfe5ee8208dcfa0656260"
url = "https://github.com/j178/prek/releases/download/v0.3.2/prek-aarch64-unknown-linux-musl.tar.gz"
provenance = "github-attestations"

[tools.prek."platforms.linux-arm64-musl"]
checksum = "sha256:fce387f0c31e87ceebb1ae84ad5fe3502931b248c89cfe5ee8208dcfa0656260"
url = "https://github.com/j178/prek/releases/download/v0.3.2/prek-aarch64-unknown-linux-musl.tar.gz"
provenance = "github-attestations"

[tools.prek."platforms.linux-x64"]
checksum = "sha256:7960379beca845367258ce4080a0ce1754d88846d9cfe273106f272442729eff"
url = "https://github.com/j178/prek/releases/download/v0.3.2/prek-x86_64-unknown-linux-musl.tar.gz"
provenance = "github-attestations"

[tools.prek."platforms.linux-x64-musl"]
checksum = "sha256:7960379beca845367258ce4080a0ce1754d88846d9cfe273106f272442729eff"
url = "https://github.com/j178/prek/releases/download/v0.3.2/prek-x86_64-unknown-linux-musl.tar.gz"
provenance = "github-attestations"

[tools.prek."platforms.macos-arm64"]
checksum = "sha256:9705b3e3df6db7f1128058fb4f5198736553e6c3957afe0810fa7e974679c88c"
url = "https://github.com/j178/prek/releases/download/v0.3.2/prek-aarch64-apple-darwin.tar.gz"
provenance = "github-attestations"

[tools.prek."platforms.macos-x64"]
checksum = "sha256:4bdf9b59530b7593a3f5d8dcce43c67e442a79af730cbd1b73c223ef30b5c1b5"
url = "https://github.com/j178/prek/releases/download/v0.3.2/prek-x86_64-apple-darwin.tar.gz"
provenance = "github-attestations"

[tools.prek."platforms.windows-x64"]
checksum = "sha256:4aaf87523d3588090a6f547a5eca379264ddb287e3a424a1fab73aca6cd9c0c0"
url = "https://github.com/j178/prek/releases/download/v0.3.2/prek-x86_64-pc-windows-msvc.zip"
provenance = "github-attestations"

[[tools.ruff]]
version = "0.15.17"
backend = "aqua:astral-sh/ruff"

[tools.ruff."platforms.linux-arm64"]
checksum = "sha256:211d610dd81ef472d3b1404b28eaa19a62cb41ab9374584847307b97821a4ab8"
url = "https://github.com/astral-sh/ruff/releases/download/0.15.17/ruff-aarch64-unknown-linux-musl.tar.gz"
provenance = "github-attestations"

[tools.ruff."platforms.linux-arm64-musl"]
checksum = "sha256:211d610dd81ef472d3b1404b28eaa19a62cb41ab9374584847307b97821a4ab8"
url = "https://github.com/astral-sh/ruff/releases/download/0.15.17/ruff-aarch64-unknown-linux-musl.tar.gz"
provenance = "github-attestations"

[tools.ruff."platforms.linux-x64"]
checksum = "sha256:cbf85fc152b7fc25cb27f0233b325e9c72cb26965152050164e7608b72515189"
url = "https://github.com/astral-sh/ruff/releases/download/0.15.17/ruff-x86_64-unknown-linux-musl.tar.gz"
provenance = "github-attestations"

[tools.ruff."platforms.linux-x64-musl"]
checksum = "sha256:cbf85fc152b7fc25cb27f0233b325e9c72cb26965152050164e7608b72515189"
url = "https://github.com/astral-sh/ruff/releases/download/0.15.17/ruff-x86_64-unknown-linux-musl.tar.gz"
provenance = "github-attestations"

[tools.ruff."platforms.macos-arm64"]
checksum = "sha256:81f372886fb7a0056949356c615fa689a091cf79b0b54ed914c810cdbc6d85e9"
url = "https://github.com/astral-sh/ruff/releases/download/0.15.17/ruff-aarch64-apple-darwin.tar.gz"
provenance = "github-attestations"

[tools.ruff."platforms.macos-x64"]
checksum = "sha256:5522e517bd67ee8c2cb0d6a8298388d8edc8621a0bc5dc773f65e06c953693f6"
url = "https://github.com/astral-sh/ruff/releases/download/0.15.17/ruff-x86_64-apple-darwin.tar.gz"
provenance = "github-attestations"

[tools.ruff."platforms.windows-x64"]
checksum = "sha256:08b6cb2bd20f3d19e3cf6e768d8d8105c8337de1c52e90c7dc1deea483d68c86"
url = "https://github.com/astral-sh/ruff/releases/download/0.15.17/ruff-x86_64-pc-windows-msvc.zip"
provenance = "github-attestations"

[[tools.rust]]
version = "1.91.0"
backend = "core:rust"

[tools.rust.options]
components = "llvm-tools,rust-analyzer,rust-src,rustfmt"

[[tools.ty]]
version = "0.0.49"
backend = "aqua:astral-sh/ty"

[tools.ty."platforms.linux-arm64"]
checksum = "sha256:49146ff92df913818b32aaed6efaf07e150cadf4a6c71b29154e0e0ebdceb78e"
url = "https://github.com/astral-sh/ty/releases/download/0.0.49/ty-aarch64-unknown-linux-musl.tar.gz"
provenance = "github-attestations"

[tools.ty."platforms.linux-arm64-musl"]
checksum = "sha256:49146ff92df913818b32aaed6efaf07e150cadf4a6c71b29154e0e0ebdceb78e"
url = "https://github.com/astral-sh/ty/releases/download/0.0.49/ty-aarch64-unknown-linux-musl.tar.gz"
provenance = "github-attestations"

[tools.ty."platforms.linux-x64"]
checksum = "sha256:c30120b0166eecb749a023ee05a3ad6a711e0186091deac31b81db05dea79e21"
url = "https://github.com/astral-sh/ty/releases/download/0.0.49/ty-x86_64-unknown-linux-musl.tar.gz"
provenance = "github-attestations"

[tools.ty."platforms.linux-x64-musl"]
checksum = "sha256:c30120b0166eecb749a023ee05a3ad6a711e0186091deac31b81db05dea79e21"
url = "https://github.com/astral-sh/ty/releases/download/0.0.49/ty-x86_64-unknown-linux-musl.tar.gz"
provenance = "github-attestations"

[tools.ty."platforms.macos-arm64"]
checksum = "sha256:37f77a5c977d158bd28997b0866e5f3d892a7bbed881881711c0ca0411dd12aa"
url = "https://github.com/astral-sh/ty/releases/download/0.0.49/ty-aarch64-apple-darwin.tar.gz"
provenance = "github-attestations"

[tools.ty."platforms.macos-x64"]
checksum = "sha256:71b96dd6517633af0e7df907a41116cfe426683faa00e753006fd9ec6354fc10"
url = "https://github.com/astral-sh/ty/releases/download/0.0.49/ty-x86_64-apple-darwin.tar.gz"
provenance = "github-attestations"

[tools.ty."platforms.windows-x64"]
checksum = "sha256:8dac8030ad5c63341a5edeec989ad8fa8bab85370e06f84c1a84bedc873c6787"
url = "https://github.com/astral-sh/ty/releases/download/0.0.49/ty-x86_64-pc-windows-msvc.zip"
provenance = "github-attestations"

[[tools.uv]]
version = "0.11.21"
backend = "aqua:astral-sh/uv"

[tools.uv."platforms.linux-arm64"]
checksum = "sha256:e71badaed2a2c3a404a0a00974b51c7ed5f5bc7be947916846005b739c68a5a2"
url = "https://github.com/astral-sh/uv/releases/download/0.11.21/uv-aarch64-unknown-linux-musl.tar.gz"
provenance = "github-attestations"

[tools.uv."platforms.linux-arm64-musl"]
checksum = "sha256:e71badaed2a2c3a404a0a00974b51c7ed5f5bc7be947916846005b739c68a5a2"
url = "https://github.com/astral-sh/uv/releases/download/0.11.21/uv-aarch64-unknown-linux-musl.tar.gz"
provenance = "github-attestations"

[tools.uv."platforms.linux-x64"]
checksum = "sha256:9dadff5b9e7b1d2d011e41852a1cbca713d9d5d88194f2eb6bd240fa4fb0a719"
url = "https://github.com/astral-sh/uv/releases/download/0.11.21/uv-x86_64-unknown-linux-musl.tar.gz"
provenance = "github-attestations"

[tools.uv."platforms.linux-x64-musl"]
checksum = "sha256:9dadff5b9e7b1d2d011e41852a1cbca713d9d5d88194f2eb6bd240fa4fb0a719"
url = "https://github.com/astral-sh/uv/releases/download/0.11.21/uv-x86_64-unknown-linux-musl.tar.gz"
provenance = "github-attestations"

[tools.uv."platforms.macos-arm64"]
checksum = "sha256:1f921d491ba5ffeea774eb04d6681ecee379101341cbb1500394993b541bf3f4"
url = "https://github.com/astral-sh/uv/releases/download/0.11.21/uv-aarch64-apple-darwin.tar.gz"
provenance = "github-attestations"

[tools.uv."platforms.macos-x64"]
checksum = "sha256:f3c8e5708a84b920c18b691214d54d2b0da6b984789caae95d47c95120cb7765"
url = "https://github.com/astral-sh/uv/releases/download/0.11.21/uv-x86_64-apple-darwin.tar.gz"
provenance = "github-attestations"

[tools.uv."platforms.windows-x64"]
checksum = "sha256:ace861f360c6de2babedc1607d0f454b6b09a820dbc8182dc15af927e4df9589"
url = "https://github.com/astral-sh/uv/releases/download/0.11.21/uv-x86_64-pc-windows-msvc.zip"
provenance = "github-attestations"
