# @generated - this file is auto-generated by `mise lock` https://mise.en.dev/dev-tools/mise-lock.html

[[tools."cargo:cargo-benchcmp"]]
version = "0.4.5"
backend = "cargo:cargo-benchcmp"

[[tools."cargo:cargo-fuzz"]]
version = "0.13.2"
backend = "cargo:cargo-fuzz"

[[tools."cargo:cargo-insta"]]
version = "1.42.2"
backend = "cargo:cargo-insta"

[[tools."cargo:cargo-lldb-test"]]
version = "0.1.0"
backend = "cargo:cargo-lldb-test"

[[tools."cargo:cargo-nextest"]]
version = "0.9.93"
backend = "cargo:cargo-nextest"

[[tools."cargo:diskus"]]
version = "0.9.0"
backend = "cargo:diskus"

[[tools."cargo:flamegraph"]]
version = "0.6.8"
backend = "cargo:flamegraph"

[[tools."cargo:inferno"]]
version = "0.12.2"
backend = "cargo:inferno"

[[tools."cargo:samply"]]
version = "0.13.1"
backend = "cargo:samply"

[[tools."cargo:toml2json"]]
version = "1.3.1"
backend = "cargo:toml2json"

[[tools."cargo:trunk"]]
version = "0.21.14"
backend = "cargo:trunk"

[[tools.clojure]]
version = "1.12.4.1635"
backend = "asdf:clojure"

[[tools."github:cli/cli"]]
version = "2.98.0"
backend = "github:cli/cli"

[tools."github:cli/cli"."platforms.linux-arm64"]
checksum = "sha256:cf689084f3a3618f7eae4a2420d335d74626d65f5e594b9828d125d69f800d86"
url = "https://github.com/cli/cli/releases/download/v2.98.0/gh_2.98.0_linux_arm64.tar.gz"
url_api = "https://api.github.com/repos/cli/cli/releases/assets/522857902"
provenance = "github-attestations"

[tools."github:cli/cli"."platforms.linux-arm64-musl"]
checksum = "sha256:cf689084f3a3618f7eae4a2420d335d74626d65f5e594b9828d125d69f800d86"
url = "https://github.com/cli/cli/releases/download/v2.98.0/gh_2.98.0_linux_arm64.tar.gz"
url_api = "https://api.github.com/repos/cli/cli/releases/assets/522857902"
provenance = "github-attestations"

[tools."github:cli/cli"."platforms.linux-x64"]
checksum = "sha256:3b8ac6b30336802fc1a858d7c084e11cdf24ac1a761ca90b68022d7d729208de"
url = "https://github.com/cli/cli/releases/download/v2.98.0/gh_2.98.0_linux_amd64.tar.gz"
url_api = "https://api.github.com/repos/cli/cli/releases/assets/522857901"
provenance = "github-attestations"

[tools."github:cli/cli"."platforms.linux-x64-musl"]
checksum = "sha256:3b8ac6b30336802fc1a858d7c084e11cdf24ac1a761ca90b68022d7d729208de"
url = "https://github.com/cli/cli/releases/download/v2.98.0/gh_2.98.0_linux_amd64.tar.gz"
url_api = "https://api.github.com/repos/cli/cli/releases/assets/522857901"
provenance = "github-attestations"

[tools."github:cli/cli"."platforms.macos-arm64"]
checksum = "sha256:8cfb027cc5310675f2b830eac8f9865c1155a45ffcf9757f699fdd5a22046ca4"
url = "https://github.com/cli/cli/releases/download/v2.98.0/gh_2.98.0_macOS_arm64.zip"
url_api = "https://api.github.com/repos/cli/cli/releases/assets/522857972"
provenance = "github-attestations"

[tools."github:cli/cli"."platforms.macos-x64"]
checksum = "sha256:734c7bbd0bc56a3974500ee9aea74d60f0e5b89be09e92b9d9148939a3a1e0e6"
url = "https://github.com/cli/cli/releases/download/v2.98.0/gh_2.98.0_macOS_amd64.zip"
url_api = "https://api.github.com/repos/cli/cli/releases/assets/522857971"
provenance = "github-attestations"

[tools."github:cli/cli"."platforms.windows-x64"]
checksum = "sha256:c28c7b3b584967a05b74d9eaf7481bff24ddc34930bf2d6e442c148236561eb1"
url = "https://github.com/cli/cli/releases/download/v2.98.0/gh_2.98.0_windows_amd64.zip"
url_api = "https://api.github.com/repos/cli/cli/releases/assets/522857996"
provenance = "github-attestations"

[[tools."github:sharkdp/fd"]]
version = "10.5.0"
backend = "github:sharkdp/fd"

[tools."github:sharkdp/fd"."platforms.linux-arm64"]
checksum = "sha256:c0ee43802e3313a317c5af2f4eabd6ba13eeedd595af9775f05e18a13ac4f52c"
url = "https://github.com/sharkdp/fd/releases/download/v10.5.0/fd-v10.5.0-aarch64-unknown-linux-gnu.tar.gz"
url_api = "https://api.github.com/repos/sharkdp/fd/releases/assets/530482307"
provenance = "github-attestations"

[tools."github:sharkdp/fd"."platforms.linux-arm64-musl"]
checksum = "sha256:d76c4317f7d5dba69f8a2a15856c90c777e7f0dd4e85f0de8c76de6992c374d4"
url = "https://github.com/sharkdp/fd/releases/download/v10.5.0/fd-v10.5.0-aarch64-unknown-linux-musl.tar.gz"
url_api = "https://api.github.com/repos/sharkdp/fd/releases/assets/530481810"
provenance = "github-attestations"

[tools."github:sharkdp/fd"."platforms.linux-x64"]
checksum = "sha256:a1259cd129636efbc3fef123525c1b49e88fe5088c012630983c310e52fdfa95"
url = "https://github.com/sharkdp/fd/releases/download/v10.5.0/fd-v10.5.0-x86_64-unknown-linux-gnu.tar.gz"
url_api = "https://api.github.com/repos/sharkdp/fd/releases/assets/530481615"
provenance = "github-attestations"

[tools."github:sharkdp/fd"."platforms.linux-x64-musl"]
checksum = "sha256:761c72dc8e120d85b22292063be8a796e2eeb20eb3e4f38b8fa2343ccf3514a7"
url = "https://github.com/sharkdp/fd/releases/download/v10.5.0/fd-v10.5.0-x86_64-unknown-linux-musl.tar.gz"
url_api = "https://api.github.com/repos/sharkdp/fd/releases/assets/530481315"
provenance = "github-attestations"

[tools."github:sharkdp/fd"."platforms.macos-arm64"]
checksum = "sha256:b67e1836c468e42e411984b56e52fa7abec08c2bd22c867398e7cc134aac5e12"
url = "https://github.com/sharkdp/fd/releases/download/v10.5.0/fd-v10.5.0-aarch64-apple-darwin.tar.gz"
url_api = "https://api.github.com/repos/sharkdp/fd/releases/assets/530481346"
provenance = "github-attestations"

[tools."github:sharkdp/fd"."platforms.macos-x64"]
checksum = "sha256:7e31028c62c6955877735d0406807aa484c2a5e6f86235a59e26c29c301da590"
url = "https://github.com/sharkdp/fd/releases/download/v10.5.0/fd-v10.5.0-x86_64-apple-darwin.tar.gz"
url_api = "https://api.github.com/repos/sharkdp/fd/releases/assets/530484719"
provenance = "github-attestations"

[tools."github:sharkdp/fd"."platforms.windows-x64"]
checksum = "sha256:a227701b8551c35a9931d9f6da75503cf86d88e182d71fb849a70864c5d57cd7"
url = "https://github.com/sharkdp/fd/releases/download/v10.5.0/fd-v10.5.0-x86_64-pc-windows-msvc.zip"
url_api = "https://api.github.com/repos/sharkdp/fd/releases/assets/530482901"
provenance = "github-attestations"

[[tools."github:wezterm/wezterm"]]
version = "nightly"
backend = "github:wezterm/wezterm"

[tools."github:wezterm/wezterm"."platforms.linux-arm64"]
checksum = "sha256:9dc0163b22fe36bd4aa96bf2765437700eee8f09802c65550f232c9e6612b253"
url = "https://github.com/wezterm/wezterm/releases/download/nightly/wezterm-nightly-src.tar.gz"
url_api = "https://api.github.com/repos/wezterm/wezterm/releases/assets/534682993"

[tools."github:wezterm/wezterm"."platforms.linux-arm64-musl"]
checksum = "sha256:9dc0163b22fe36bd4aa96bf2765437700eee8f09802c65550f232c9e6612b253"
url = "https://github.com/wezterm/wezterm/releases/download/nightly/wezterm-nightly-src.tar.gz"
url_api = "https://api.github.com/repos/wezterm/wezterm/releases/assets/534682993"

[tools."github:wezterm/wezterm"."platforms.linux-x64"]
checksum = "sha256:9dc0163b22fe36bd4aa96bf2765437700eee8f09802c65550f232c9e6612b253"
url = "https://github.com/wezterm/wezterm/releases/download/nightly/wezterm-nightly-src.tar.gz"
url_api = "https://api.github.com/repos/wezterm/wezterm/releases/assets/534682993"

[tools."github:wezterm/wezterm"."platforms.linux-x64-musl"]
checksum = "sha256:9dc0163b22fe36bd4aa96bf2765437700eee8f09802c65550f232c9e6612b253"
url = "https://github.com/wezterm/wezterm/releases/download/nightly/wezterm-nightly-src.tar.gz"
url_api = "https://api.github.com/repos/wezterm/wezterm/releases/assets/534682993"

[tools."github:wezterm/wezterm"."platforms.macos-arm64"]
checksum = "sha256:83997dc0bd381a61d70f6a6213f743c2df2498c779409a78a00cb9036f1cd146"
url = "https://github.com/wezterm/wezterm/releases/download/nightly/WezTerm-macos-nightly.zip"
url_api = "https://api.github.com/repos/wezterm/wezterm/releases/assets/534701139"

[tools."github:wezterm/wezterm"."platforms.macos-x64"]
checksum = "sha256:83997dc0bd381a61d70f6a6213f743c2df2498c779409a78a00cb9036f1cd146"
url = "https://github.com/wezterm/wezterm/releases/download/nightly/WezTerm-macos-nightly.zip"
url_api = "https://api.github.com/repos/wezterm/wezterm/releases/assets/534701139"

[tools."github:wezterm/wezterm"."platforms.windows-x64"]
checksum = "sha256:d3b8fe699e4490fb0a90ff779835d0b15b83724382a54f684d76145ea729dc1c"
url = "https://github.com/wezterm/wezterm/releases/download/nightly/WezTerm-windows-nightly.zip"
url_api = "https://api.github.com/repos/wezterm/wezterm/releases/assets/534712835"

[[tools.go]]
version = "1.26.7"
backend = "core:go"

[tools.go."platforms.linux-arm64"]
checksum = "sha256:5a4ec883379d51ee9ce1040d5e87f8d35e20387574dd8c947feb01eabc3c1b37"
url = "https://dl.google.com/go/go1.26.7.linux-arm64.tar.gz"

[tools.go."platforms.linux-arm64-musl"]
checksum = "sha256:5a4ec883379d51ee9ce1040d5e87f8d35e20387574dd8c947feb01eabc3c1b37"
url = "https://dl.google.com/go/go1.26.7.linux-arm64.tar.gz"

[tools.go."platforms.linux-x64"]
checksum = "sha256:ffb5f8de10c62550dfddab66b36b57030721e0a44a3218e9e1181d7b59f121ca"
url = "https://dl.google.com/go/go1.26.7.linux-amd64.tar.gz"

[tools.go."platforms.linux-x64-musl"]
checksum = "sha256:ffb5f8de10c62550dfddab66b36b57030721e0a44a3218e9e1181d7b59f121ca"
url = "https://dl.google.com/go/go1.26.7.linux-amd64.tar.gz"

[tools.go."platforms.macos-arm64"]
checksum = "sha256:020a1e8224811be75163e920bc77e0926a1390a6aeea19bdcf23f74b9d749f6d"
url = "https://dl.google.com/go/go1.26.7.darwin-arm64.tar.gz"

[tools.go."platforms.macos-x64"]
checksum = "sha256:92e8b34bff3c89ab16404c595669ac8cb004cc2f676dcbd1f5b87a6b8def3b47"
url = "https://dl.google.com/go/go1.26.7.darwin-amd64.tar.gz"

[tools.go."platforms.windows-x64"]
checksum = "sha256:f4f534a486e4bc3387fa18f08208f2f854b7aaea8a08f2a2d829a914a05abb11"
url = "https://dl.google.com/go/go1.26.7.windows-amd64.zip"

[[tools."go:golang.org/x/tools/gopls"]]
version = "0.23.0"
backend = "go:golang.org/x/tools/gopls"

[[tools."go:oss.terrastruct.com/d2"]]
version = "0.7.2"
backend = "go:oss.terrastruct.com/d2"

[[tools."go:rsc.io/2fa"]]
version = "1.2.0"
backend = "go:rsc.io/2fa"

[[tools.golangci-lint]]
version = "v2.11.3"
backend = "aqua:golangci/golangci-lint"

[tools.golangci-lint."platforms.linux-arm64"]
checksum = "sha256:ee3d95f301359e7d578e6d99c8ad5aeadbabc5a13009a30b2b0df11c8058afe9"
url = "https://github.com/golangci/golangci-lint/releases/download/v2.11.3/golangci-lint-2.11.3-linux-arm64.tar.gz"
provenance = "github-attestations"

[tools.golangci-lint."platforms.linux-arm64-musl"]
checksum = "sha256:ee3d95f301359e7d578e6d99c8ad5aeadbabc5a13009a30b2b0df11c8058afe9"
url = "https://github.com/golangci/golangci-lint/releases/download/v2.11.3/golangci-lint-2.11.3-linux-arm64.tar.gz"
provenance = "github-attestations"

[tools.golangci-lint."platforms.linux-x64"]
checksum = "sha256:87bb8cddbcc825d5778b64e8a91b46c0526b247f4e2f2904dea74ec7450475d1"
url = "https://github.com/golangci/golangci-lint/releases/download/v2.11.3/golangci-lint-2.11.3-linux-amd64.tar.gz"
provenance = "github-attestations"

[tools.golangci-lint."platforms.linux-x64-musl"]
checksum = "sha256:87bb8cddbcc825d5778b64e8a91b46c0526b247f4e2f2904dea74ec7450475d1"
url = "https://github.com/golangci/golangci-lint/releases/download/v2.11.3/golangci-lint-2.11.3-linux-amd64.tar.gz"
provenance = "github-attestations"

[tools.golangci-lint."platforms.macos-arm64"]
checksum = "sha256:30ee39979c516b9d1adca289a3f93429d130c4c0fda5e57d637850894221f6cc"
url = "https://github.com/golangci/golangci-lint/releases/download/v2.11.3/golangci-lint-2.11.3-darwin-arm64.tar.gz"
provenance = "github-attestations"

[tools.golangci-lint."platforms.macos-x64"]
checksum = "sha256:f93bda1f2cc981fd1326464020494be62f387bbf262706e1b3b644e5afacc440"
url = "https://github.com/golangci/golangci-lint/releases/download/v2.11.3/golangci-lint-2.11.3-darwin-amd64.tar.gz"
provenance = "github-attestations"

[tools.golangci-lint."platforms.windows-x64"]
checksum = "sha256:cd42e890176bc5cfeb36225a77e66b9410ddd3a59a03551e23f6b210d29e1f67"
url = "https://github.com/golangci/golangci-lint/releases/download/v2.11.3/golangci-lint-2.11.3-windows-amd64.zip"
provenance = "github-attestations"

[[tools.hunk]]
version = "0.20.0"
backend = "aqua:modem-dev/hunk"

[tools.hunk."platforms.linux-arm64"]
checksum = "sha256:1581db1791fe0f721be8f326491b0f5524045503451a2c2b0cf7514e00cdaee5"
url = "https://github.com/modem-dev/hunk/releases/download/v0.20.0/hunkdiff-linux-arm64.tar.gz"

[tools.hunk."platforms.linux-arm64-musl"]
checksum = "sha256:1581db1791fe0f721be8f326491b0f5524045503451a2c2b0cf7514e00cdaee5"
url = "https://github.com/modem-dev/hunk/releases/download/v0.20.0/hunkdiff-linux-arm64.tar.gz"

[tools.hunk."platforms.linux-x64"]
checksum = "sha256:3c1a36767a77675133a25ea7a7fded4c11788ce923407f6bf3608f20c06cf0bb"
url = "https://github.com/modem-dev/hunk/releases/download/v0.20.0/hunkdiff-linux-x64.tar.gz"

[tools.hunk."platforms.linux-x64-musl"]
checksum = "sha256:3c1a36767a77675133a25ea7a7fded4c11788ce923407f6bf3608f20c06cf0bb"
url = "https://github.com/modem-dev/hunk/releases/download/v0.20.0/hunkdiff-linux-x64.tar.gz"

[tools.hunk."platforms.macos-arm64"]
checksum = "sha256:96d298009d8968b2a7859961354d323e13de8f7ecf4e701ac59aab4edcc56bbb"
url = "https://github.com/modem-dev/hunk/releases/download/v0.20.0/hunkdiff-darwin-arm64.tar.gz"

[tools.hunk."platforms.macos-x64"]
checksum = "sha256:e7458d77524f09bc44d3e90c9dc4ff99c2e98cdd0e10c6d88e4793e000534f40"
url = "https://github.com/modem-dev/hunk/releases/download/v0.20.0/hunkdiff-darwin-x64.tar.gz"

[tools.hunk."platforms.windows-x64"]
checksum = "sha256:b441a1a9e19d2222f2453b0dc6541e65a9f4b9914549a1bc30c1ddc8d914540d"
url = "https://github.com/modem-dev/hunk/releases/download/v0.20.0/hunkdiff-windows-x64.tar.gz"
url_api = "https://api.github.com/repos/modem-dev/hunk/releases/assets/529321155"

[[tools.java]]
version = "corretto-21.0.1.12.1"
backend = "core:java"

[tools.java."platforms.linux-arm64"]
checksum = "sha256:aa43295803595f78d73e9c7c02866301c9729377277144e2829f54a58e5f6d21"
url = "https://corretto.aws/downloads/resources/21.0.1.12.1/amazon-corretto-21.0.1.12.1-linux-aarch64.tar.gz"

[tools.java."platforms.linux-arm64-musl"]
checksum = "sha256:e49c651e2f544fcf9e6daeba928dbd4def0ca3788c4df52bc3dbb67b0718b0fe"
url = "https://corretto.aws/downloads/resources/21.0.1.12.1/amazon-corretto-21.0.1.12.1-alpine-linux-aarch64.tar.gz"

[tools.java."platforms.linux-x64"]
checksum = "sha256:3e718a86cfa6c1173c469f5e9d6b07fa37381a28ebb1f80593250cc380baf22f"
url = "https://corretto.aws/downloads/resources/21.0.1.12.1/amazon-corretto-21.0.1.12.1-linux-x64.tar.gz"

[tools.java."platforms.linux-x64-musl"]
checksum = "sha256:aed3d6d99d9faac8b0809036ffff6ace84079834e326999dce0505eb53414108"
url = "https://corretto.aws/downloads/resources/21.0.1.12.1/amazon-corretto-21.0.1.12.1-alpine-linux-x64.tar.gz"

[tools.java."platforms.macos-arm64"]
checksum = "sha256:0c4e08fc4b7c0c887651a97f315d6995eeac38627eb7bca0cb3c698d21af349f"
url = "https://corretto.aws/downloads/resources/21.0.1.12.1/amazon-corretto-21.0.1.12.1-macosx-aarch64.tar.gz"

[tools.java."platforms.macos-x64"]
checksum = "sha256:cafff566097c6f440afe5aac6e268073d8b5ceadcf7898eeb364753d00743074"
url = "https://corretto.aws/downloads/resources/21.0.1.12.1/amazon-corretto-21.0.1.12.1-macosx-x64.tar.gz"

[tools.java."platforms.windows-x64"]
checksum = "sha256:9f13477c8209ec5e2d59d728503fb61f0c2ee8765431ea542d721cb60b9061a8"
url = "https://corretto.aws/downloads/resources/21.0.1.12.1/amazon-corretto-21.0.1.12.1-windows-x64-jdk.zip"

[[tools.meson]]
version = "1.12.0"
backend = "pipx:meson"

[[tools.node]]
version = "24.19.0"
backend = "core:node"

[tools.node."platforms.linux-arm64"]
checksum = "sha256:d28c8a5bf0a808f0ed434a1dce8c54ae98f0371c0bd86ac58abc613f73e6643f"
url = "https://nodejs.org/dist/v24.19.0/node-v24.19.0-linux-arm64.tar.gz"

[tools.node."platforms.linux-arm64-musl"]
checksum = "sha256:20824e4d35948fae5b337dccef47813b04d8995312f59df7386f2256d9f9ab7e"
url = "https://unofficial-builds.nodejs.org/download/release/v24.19.0/node-v24.19.0-linux-arm64-musl.tar.gz"

[tools.node."platforms.linux-x64"]
checksum = "sha256:f625d97cd707df4ff96254916fbc5ff014f09c09effe5a1e0ca8f6d41a8789d4"
url = "https://nodejs.org/dist/v24.19.0/node-v24.19.0-linux-x64.tar.gz"

[tools.node."platforms.linux-x64-musl"]
checksum = "sha256:c60223786df14a5d23e220ebb8e60318f5322640a62f90e6d9e54d3a18da532e"
url = "https://unofficial-builds.nodejs.org/download/release/v24.19.0/node-v24.19.0-linux-x64-musl.tar.gz"

[tools.node."platforms.macos-arm64"]
checksum = "sha256:8294b7aa9b03997481c06babf1e8b270c859358f27da57a11509afe537ac381d"
url = "https://nodejs.org/dist/v24.19.0/node-v24.19.0-darwin-arm64.tar.gz"

[tools.node."platforms.macos-x64"]
checksum = "sha256:d1b5e999db158c62fe8f7267a4476b035d8bd93b1a605bac24a3f0dd166e3316"
url = "https://nodejs.org/dist/v24.19.0/node-v24.19.0-darwin-x64.tar.gz"

[tools.node."platforms.windows-x64"]
checksum = "sha256:57f71ab3652e797d84acddc79c81cc9ff1c6ddb2a1974cdb83f00fee9bff4c73"
url = "https://nodejs.org/dist/v24.19.0/node-v24.19.0-win-x64.zip"

[[tools."npm:pnpm"]]
version = "11.24.0"
backend = "npm:pnpm"

[[tools."npm:typescript"]]
version = "7.0.2"
backend = "npm:typescript"

[[tools."npm:typescript-language-server"]]
version = "6.0.0"
backend = "npm:typescript-language-server"

[[tools."pipx:djlint"]]
version = "1.44.2"
backend = "pipx:djlint"

[[tools."pipx:git+https://github.com/astral-sh/ecosystem-analyzer.git@main"]]
version = "latest"
backend = "pipx:git+https://github.com/astral-sh/ecosystem-analyzer.git@main"

[[tools."pipx:huec"]]
version = "0.1.7"
backend = "pipx:huec"

[[tools."pipx:pre-commit"]]
version = "4.6.2"
backend = "pipx:pre-commit"

[[tools."pipx:towelie"]]
version = "0.1.11"
backend = "pipx:towelie"

[[tools."pipx:yt-dlp"]]
version = "2026.8.25.233329.dev0"
backend = "pipx:yt-dlp"

[[tools.prek]]
version = "0.4.14"
backend = "aqua:j178/prek"

[tools.prek."platforms.linux-arm64"]
checksum = "sha256:27a873abf78df8ec842829f6def4356f1f10c8ddf1741c6b2b3ba0c1e1e93f95"
url = "https://github.com/j178/prek/releases/download/v0.4.14/prek-aarch64-unknown-linux-musl.tar.gz"
provenance = "github-attestations"

[tools.prek."platforms.linux-arm64-musl"]
checksum = "sha256:27a873abf78df8ec842829f6def4356f1f10c8ddf1741c6b2b3ba0c1e1e93f95"
url = "https://github.com/j178/prek/releases/download/v0.4.14/prek-aarch64-unknown-linux-musl.tar.gz"
provenance = "github-attestations"

[tools.prek."platforms.linux-x64"]
checksum = "sha256:388f2e5216684c22e635dc1bde1bac5bd008a5dfc21c754ced382d19ff31413b"
url = "https://github.com/j178/prek/releases/download/v0.4.14/prek-x86_64-unknown-linux-musl.tar.gz"
provenance = "github-attestations"

[tools.prek."platforms.linux-x64-musl"]
checksum = "sha256:388f2e5216684c22e635dc1bde1bac5bd008a5dfc21c754ced382d19ff31413b"
url = "https://github.com/j178/prek/releases/download/v0.4.14/prek-x86_64-unknown-linux-musl.tar.gz"
provenance = "github-attestations"

[tools.prek."platforms.macos-arm64"]
checksum = "sha256:87f7fb2b99871820eb352d9a2327461d25affe354d6d48c4edf3a34f360c6be8"
url = "https://github.com/j178/prek/releases/download/v0.4.14/prek-aarch64-apple-darwin.tar.gz"
provenance = "github-attestations"

[tools.prek."platforms.macos-x64"]
checksum = "sha256:59073820f5145cea2fa91b7e4256bbab6ed44de364d4b6809311d7ee9653d3b7"
url = "https://github.com/j178/prek/releases/download/v0.4.14/prek-x86_64-apple-darwin.tar.gz"
provenance = "github-attestations"

[tools.prek."platforms.windows-x64"]
checksum = "sha256:284eb3b185788fbb5c1b53b1e2217c744be44debaff88efd305b1947df6f0b82"
url = "https://github.com/j178/prek/releases/download/v0.4.14/prek-x86_64-pc-windows-msvc.zip"
provenance = "github-attestations"

[[tools.ruby]]
version = "3.3.0"
backend = "core:ruby"

[tools.ruby."platforms.windows-x64"]
url = "https://github.com/oneclick/rubyinstaller2/releases/download/RubyInstaller-3.3.0-1/rubyinstaller-3.3.0-1-x64.7z"

[[tools.ruby]]
version = "3.3.0"
backend = "core:ruby"

[tools.ruby.options]
compile = "false"
precompiled_url = "jdx/ruby"
ruby_build_repo = "https://github.com/rbenv/ruby-build.git"
ruby_install = "false"

[tools.ruby."platforms.linux-arm64"]
checksum = "sha256:64dd2780c027aec0c363b2ed700697e53bb6582eaae46e7553c6908c12002c5e"
url = "https://github.com/jdx/ruby/releases/download/3.3.0/ruby-3.3.0.arm64_linux.tar.gz"
provenance = "github-attestations"

[tools.ruby."platforms.linux-arm64-musl"]
checksum = "sha256:64dd2780c027aec0c363b2ed700697e53bb6582eaae46e7553c6908c12002c5e"
url = "https://github.com/jdx/ruby/releases/download/3.3.0/ruby-3.3.0.arm64_linux.tar.gz"
provenance = "github-attestations"

[tools.ruby."platforms.linux-x64"]
checksum = "sha256:c7ec59972aaae361639e21055312e2135d09c28c6e04474c794b14087d0d46db"
url = "https://github.com/jdx/ruby/releases/download/3.3.0/ruby-3.3.0.x86_64_linux.tar.gz"
provenance = "github-attestations"

[tools.ruby."platforms.linux-x64-musl"]
checksum = "sha256:c7ec59972aaae361639e21055312e2135d09c28c6e04474c794b14087d0d46db"
url = "https://github.com/jdx/ruby/releases/download/3.3.0/ruby-3.3.0.x86_64_linux.tar.gz"
provenance = "github-attestations"

[tools.ruby."platforms.macos-arm64"]
checksum = "sha256:8a531af9e0593bd6a81138407d2118b91a524124e49d74ec3c68b8df3ae9c11d"
url = "https://github.com/jdx/ruby/releases/download/3.3.0/ruby-3.3.0.macos.tar.gz"
provenance = "github-attestations"

[tools.ruby."platforms.macos-x64"]
checksum = "sha256:96518814d9832bece92a85415a819d4893b307db5921ae1f0f751a9a89a56b7d"
url = "https://cache.ruby-lang.org/pub/ruby/3.3/ruby-3.3.0.tar.gz"

[[tools.ruff]]
version = "0.16.4"
backend = "aqua:astral-sh/ruff"

[tools.ruff."platforms.linux-arm64"]
checksum = "sha256:2b828176fed3fa23361accb749e305f804bb050395a05ed96c769a8fd4c8e440"
url = "https://github.com/astral-sh/ruff/releases/download/0.16.4/ruff-aarch64-unknown-linux-musl.tar.gz"
provenance = "github-attestations"

[tools.ruff."platforms.linux-arm64-musl"]
checksum = "sha256:2b828176fed3fa23361accb749e305f804bb050395a05ed96c769a8fd4c8e440"
url = "https://github.com/astral-sh/ruff/releases/download/0.16.4/ruff-aarch64-unknown-linux-musl.tar.gz"
provenance = "github-attestations"

[tools.ruff."platforms.linux-x64"]
checksum = "sha256:0c2a1616b0782dbf7ee04239576887c4c894277189e04ba94ff3160eba9c1863"
url = "https://github.com/astral-sh/ruff/releases/download/0.16.4/ruff-x86_64-unknown-linux-musl.tar.gz"
provenance = "github-attestations"

[tools.ruff."platforms.linux-x64-musl"]
checksum = "sha256:0c2a1616b0782dbf7ee04239576887c4c894277189e04ba94ff3160eba9c1863"
url = "https://github.com/astral-sh/ruff/releases/download/0.16.4/ruff-x86_64-unknown-linux-musl.tar.gz"
provenance = "github-attestations"

[tools.ruff."platforms.macos-arm64"]
checksum = "sha256:b4ad832b7734592aa1c6710dbc15277ed9d3d54c8bd44bb25bb7b14ae9098b88"
url = "https://github.com/astral-sh/ruff/releases/download/0.16.4/ruff-aarch64-apple-darwin.tar.gz"
provenance = "github-attestations"

[tools.ruff."platforms.macos-x64"]
checksum = "sha256:233b7368e00b25064abd0db19f7cb1b43117fef41d7106170e6ffec50a0201ca"
url = "https://github.com/astral-sh/ruff/releases/download/0.16.4/ruff-x86_64-apple-darwin.tar.gz"
provenance = "github-attestations"

[tools.ruff."platforms.windows-x64"]
checksum = "sha256:5e3a9521e568fd925d554abd606f40bb51e59327c28db716eb3faf2c5b6ce123"
url = "https://github.com/astral-sh/ruff/releases/download/0.16.4/ruff-x86_64-pc-windows-msvc.zip"
provenance = "github-attestations"

[[tools.rust]]
version = "1.91.0"
backend = "core:rust"

[tools.rust.options]
components = "llvm-tools,rust-analyzer,rust-src,rustfmt"

[[tools.ty]]
version = "path:~/.cargo/bin/ty"
backend = "aqua:astral-sh/ty"

[tools.ty."platforms.linux-arm64"]
provenance = "github-attestations"

[tools.ty."platforms.linux-arm64-musl"]
provenance = "github-attestations"

[tools.ty."platforms.linux-x64"]
provenance = "github-attestations"

[tools.ty."platforms.linux-x64-musl"]
provenance = "github-attestations"

[tools.ty."platforms.macos-arm64"]
provenance = "github-attestations"

[tools.ty."platforms.macos-x64"]
provenance = "github-attestations"

[tools.ty."platforms.windows-x64"]
provenance = "github-attestations"

[[tools.uv]]
version = "0.12.6"
backend = "aqua:astral-sh/uv"

[tools.uv."platforms.linux-arm64"]
checksum = "sha256:3719891de9ab41c878a84331e55826d2a46421976a346a65326513a6795b089a"
url = "https://github.com/astral-sh/uv/releases/download/0.12.6/uv-aarch64-unknown-linux-musl.tar.gz"
provenance = "github-attestations"

[tools.uv."platforms.linux-arm64-musl"]
checksum = "sha256:3719891de9ab41c878a84331e55826d2a46421976a346a65326513a6795b089a"
url = "https://github.com/astral-sh/uv/releases/download/0.12.6/uv-aarch64-unknown-linux-musl.tar.gz"
provenance = "github-attestations"

[tools.uv."platforms.linux-x64"]
checksum = "sha256:14e4172aace66a475062cebec7ca04f497d5619e95325dfcc9e4447b9c516846"
url = "https://github.com/astral-sh/uv/releases/download/0.12.6/uv-x86_64-unknown-linux-musl.tar.gz"
provenance = "github-attestations"

[tools.uv."platforms.linux-x64-musl"]
checksum = "sha256:14e4172aace66a475062cebec7ca04f497d5619e95325dfcc9e4447b9c516846"
url = "https://github.com/astral-sh/uv/releases/download/0.12.6/uv-x86_64-unknown-linux-musl.tar.gz"
provenance = "github-attestations"

[tools.uv."platforms.macos-arm64"]
checksum = "sha256:14b459d51ea2e71eeba28c45a268c922bdf8607fc6455e3f40b4e082895d160d"
url = "https://github.com/astral-sh/uv/releases/download/0.12.6/uv-aarch64-apple-darwin.tar.gz"
provenance = "github-attestations"

[tools.uv."platforms.macos-x64"]
checksum = "sha256:2a26ea71bbeff1c7e12c2cc40245c96a041deff276bc921e7038e304d5d3e04c"
url = "https://github.com/astral-sh/uv/releases/download/0.12.6/uv-x86_64-apple-darwin.tar.gz"
provenance = "github-attestations"

[tools.uv."platforms.windows-x64"]
checksum = "sha256:df7cb9f243eae1621400d4fcf5b1b3d90f20e264ece91b64deb3b0078abca6ef"
url = "https://github.com/astral-sh/uv/releases/download/0.12.6/uv-x86_64-pc-windows-msvc.zip"
provenance = "github-attestations"
